
Microsoft Visual Studio Solution File, Format Version 12.00
# Visual Studio Version 17
VisualStudioVersion = 17.12.35707.178
MinimumVisualStudioVersion = 10.0.40219.1
Project("{2150E333-8FDC-42A3-9474-1A3956D46DE8}") = "Bootstrapper", "Bootstrapper", "{E43E6B57-590D-4EAC-8C2E-177C2B305ECC}"
EndProject
Project("{2150E333-8FDC-42A3-9474-1A3956D46DE8}") = "Modules", "Modules", "{8F391189-CDD3-438B-A1F5-A2EBEFDF1B89}"
EndProject
Project("{2150E333-8FDC-42A3-9474-1A3956D46DE8}") = "Shared", "Shared", "{11428207-9C6D-40EE-9E24-5BDCCD84580C}"
EndProject
Project("{FAE04EC0-301F-11D3-BF4B-00C04F79EFBC}") = "Api", "Bootstrapper\Api\Api.csproj", "{58CD737D-2931-452F-A8B1-628FAF178F45}"
EndProject
Project("{2150E333-8FDC-42A3-9474-1A3956D46DE8}") = "Catalog", "Catalog", "{074F1C59-DDF4-4FA2-AD7D-B8AA262DA512}"
EndProject
Project("{2150E333-8FDC-42A3-9474-1A3956D46DE8}") = "Basket", "Basket", "{AD329132-2B64-4855-BC4D-2BBF5964E621}"
EndProject
Project("{2150E333-8FDC-42A3-9474-1A3956D46DE8}") = "Ordering", "Ordering", "{83B18A7D-E4A4-4548-9693-E5540D76EC6B}"
EndProject
Project("{FAE04EC0-301F-11D3-BF4B-00C04F79EFBC}") = "Catalog", "Modules\Catalog\Catalog\Catalog.csproj", "{0A04A4C1-CE80-43E1-A140-B143FFB882B7}"
EndProject
Project("{FAE04EC0-301F-11D3-BF4B-00C04F79EFBC}") = "Basket", "Modules\Basket\Basket\Basket.csproj", "{952C43EE-5EE4-4215-8C34-CD94666EB725}"
EndProject
Project("{FAE04EC0-301F-11D3-BF4B-00C04F79EFBC}") = "Ordering", "Modules\Ordering\Ordering\Ordering.csproj", "{56D15814-B656-44B6-B3C8-ACDD61D63BDB}"
EndProject
Project("{FAE04EC0-301F-11D3-BF4B-00C04F79EFBC}") = "Shared", "Shared\Shared\Shared.csproj", "{8C6DA654-8F82-484E-93E6-C5088F4E0C6D}"
EndProject
Project("{2150E333-8FDC-42A3-9474-1A3956D46DE8}") = ".SolutionItems", ".SolutionItems", "{62CF6CDE-315B-4D8B-808B-299E1A9C0E26}"
	ProjectSection(SolutionItems) = preProject
		..\docker-compose.override.yml = ..\docker-compose.override.yml
		..\docker-compose.yml = ..\docker-compose.yml
	EndProjectSection
EndProject
Global
	GlobalSection(SolutionConfigurationPlatforms) = preSolution
		Debug|Any CPU = Debug|Any CPU
		Release|Any CPU = Release|Any CPU
	EndGlobalSection
	GlobalSection(ProjectConfigurationPlatforms) = postSolution
		{58CD737D-2931-452F-A8B1-628FAF178F45}.Debug|Any CPU.ActiveCfg = Debug|Any CPU
		{58CD737D-2931-452F-A8B1-628FAF178F45}.Debug|Any CPU.Build.0 = Debug|Any CPU
		{58CD737D-2931-452F-A8B1-628FAF178F45}.Release|Any CPU.ActiveCfg = Release|Any CPU
		{58CD737D-2931-452F-A8B1-628FAF178F45}.Release|Any CPU.Build.0 = Release|Any CPU
		{0A04A4C1-CE80-43E1-A140-B143FFB882B7}.Debug|Any CPU.ActiveCfg = Debug|Any CPU
		{0A04A4C1-CE80-43E1-A140-B143FFB882B7}.Debug|Any CPU.Build.0 = Debug|Any CPU
		{0A04A4C1-CE80-43E1-A140-B143FFB882B7}.Release|Any CPU.ActiveCfg = Release|Any CPU
		{0A04A4C1-CE80-43E1-A140-B143FFB882B7}.Release|Any CPU.Build.0 = Release|Any CPU
		{952C43EE-5EE4-4215-8C34-CD94666EB725}.Debug|Any CPU.ActiveCfg = Debug|Any CPU
		{952C43EE-5EE4-4215-8C34-CD94666EB725}.Debug|Any CPU.Build.0 = Debug|Any CPU
		{952C43EE-5EE4-4215-8C34-CD94666EB725}.Release|Any CPU.ActiveCfg = Release|Any CPU
		{952C43EE-5EE4-4215-8C34-CD94666EB725}.Release|Any CPU.Build.0 = Release|Any CPU
		{56D15814-B656-44B6-B3C8-ACDD61D63BDB}.Debug|Any CPU.ActiveCfg = Debug|Any CPU
		{56D15814-B656-44B6-B3C8-ACDD61D63BDB}.Debug|Any CPU.Build.0 = Debug|Any CPU
		{56D15814-B656-44B6-B3C8-ACDD61D63BDB}.Release|Any CPU.ActiveCfg = Release|Any CPU
		{56D15814-B656-44B6-B3C8-ACDD61D63BDB}.Release|Any CPU.Build.0 = Release|Any CPU
		{8C6DA654-8F82-484E-93E6-C5088F4E0C6D}.Debug|Any CPU.ActiveCfg = Debug|Any CPU
		{8C6DA654-8F82-484E-93E6-C5088F4E0C6D}.Debug|Any CPU.Build.0 = Debug|Any CPU
		{8C6DA654-8F82-484E-93E6-C5088F4E0C6D}.Release|Any CPU.ActiveCfg = Release|Any CPU
		{8C6DA654-8F82-484E-93E6-C5088F4E0C6D}.Release|Any CPU.Build.0 = Release|Any CPU
	EndGlobalSection
	GlobalSection(SolutionProperties) = preSolution
		HideSolutionNode = FALSE
	EndGlobalSection
	GlobalSection(NestedProjects) = preSolution
		{58CD737D-2931-452F-A8B1-628FAF178F45} = {E43E6B57-590D-4EAC-8C2E-177C2B305ECC}
		{074F1C59-DDF4-4FA2-AD7D-B8AA262DA512} = {8F391189-CDD3-438B-A1F5-A2EBEFDF1B89}
		{AD329132-2B64-4855-BC4D-2BBF5964E621} = {8F391189-CDD3-438B-A1F5-A2EBEFDF1B89}
		{83B18A7D-E4A4-4548-9693-E5540D76EC6B} = {8F391189-CDD3-438B-A1F5-A2EBEFDF1B89}
		{0A04A4C1-CE80-43E1-A140-B143FFB882B7} = {074F1C59-DDF4-4FA2-AD7D-B8AA262DA512}
		{952C43EE-5EE4-4215-8C34-CD94666EB725} = {AD329132-2B64-4855-BC4D-2BBF5964E621}
		{56D15814-B656-44B6-B3C8-ACDD61D63BDB} = {83B18A7D-E4A4-4548-9693-E5540D76EC6B}
		{8C6DA654-8F82-484E-93E6-C5088F4E0C6D} = {11428207-9C6D-40EE-9E24-5BDCCD84580C}
	EndGlobalSection
EndGlobal
